
Microsoft Visual Studio Solution File, Format Version 12.00
# Visual Studio Version 17
VisualStudioVersion = 17.9.34728.123
MinimumVisualStudioVersion = 10.0.40219.1
Project("{FAE04EC0-301F-11D3-BF4B-00C04F79EFBC}") = "GeometryLibrary", "GeometryLibrary\GeometryLibrary.csproj", "{F2009B60-9F1C-4783-B7E2-BC988B445933}"
EndProject
Global
	GlobalSection(SolutionConfigurationPlatforms) = preSolution
		Debug|Any CPU = Debug|Any CPU
		Release|Any CPU = Release|Any CPU
	EndGlobalSection
	GlobalSection(ProjectConfigurationPlatforms) = postSolution
		{F2009B60-9F1C-4783-B7E2-BC988B445933}.Debug|Any CPU.ActiveCfg = Debug|Any CPU
		{F2009B60-9F1C-4783-B7E2-BC988B445933}.Debug|Any CPU.Build.0 = Debug|Any CPU
		{F2009B60-9F1C-4783-B7E2-BC988B445933}.Release|Any CPU.ActiveCfg = Release|Any CPU
		{F2009B60-9F1C-4783-B7E2-BC988B445933}.Release|Any CPU.Build.0 = Release|Any CPU
	EndGlobalSection
	GlobalSection(SolutionProperties) = preSolution
		HideSolutionNode = FALSE
	EndGlobalSection
	GlobalSection(ExtensibilityGlobals) = postSolution
		SolutionGuid = {12E64386-E920-4320-9C8E-FD83D50B6826}
	EndGlobalSection
EndGlobal
